
Microsoft Visual Studio Solution File, Format Version 12.00
# Visual Studio Version 16
VisualStudioVersion = 16.0.30804.86
MinimumVisualStudioVersion = 10.0.40219.1
Project("{FAE04EC0-301F-11D3-BF4B-00C04F79EFBC}") = "Zadatak3", "Zadatak3\Zadatak3.csproj", "{EBCA636E-ED15-487B-913F-714D94BE5234}"
EndProject
Global
	GlobalSection(SolutionConfigurationPlatforms) = preSolution
		Debug|Any CPU = Debug|Any CPU
		Release|Any CPU = Release|Any CPU
	EndGlobalSection
	GlobalSection(ProjectConfigurationPlatforms) = postSolution
		{EBCA636E-ED15-487B-913F-714D94BE5234}.Debug|Any CPU.ActiveCfg = Debug|Any CPU
		{EBCA636E-ED15-487B-913F-714D94BE5234}.Debug|Any CPU.Build.0 = Debug|Any CPU
		{EBCA636E-ED15-487B-913F-714D94BE5234}.Release|Any CPU.ActiveCfg = Release|Any CPU
		{EBCA636E-ED15-487B-913F-714D94BE5234}.Release|Any CPU.Build.0 = Release|Any CPU
	EndGlobalSection
	GlobalSection(SolutionProperties) = preSolution
		HideSolutionNode = FALSE
	EndGlobalSection
	GlobalSection(ExtensibilityGlobals) = postSolution
		SolutionGuid = {96957F5B-DA65-43A0-97D3-1711445F9C27}
	EndGlobalSection
EndGlobal
