
Microsoft Visual Studio Solution File, Format Version 12.00
# Visual Studio Version 16
VisualStudioVersion = 16.0.30804.86
MinimumVisualStudioVersion = 10.0.40219.1
Project("{FAE04EC0-301F-11D3-BF4B-00C04F79EFBC}") = "Zadatak7", "Zadatak7\Zadatak7.csproj", "{CF211805-C477-4A25-8F78-A813BFCDC5AB}"
EndProject
Global
	GlobalSection(SolutionConfigurationPlatforms) = preSolution
		Debug|Any CPU = Debug|Any CPU
		Release|Any CPU = Release|Any CPU
	EndGlobalSection
	GlobalSection(ProjectConfigurationPlatforms) = postSolution
		{CF211805-C477-4A25-8F78-A813BFCDC5AB}.Debug|Any CPU.ActiveCfg = Debug|Any CPU
		{CF211805-C477-4A25-8F78-A813BFCDC5AB}.Debug|Any CPU.Build.0 = Debug|Any CPU
		{CF211805-C477-4A25-8F78-A813BFCDC5AB}.Release|Any CPU.ActiveCfg = Release|Any CPU
		{CF211805-C477-4A25-8F78-A813BFCDC5AB}.Release|Any CPU.Build.0 = Release|Any CPU
	EndGlobalSection
	GlobalSection(SolutionProperties) = preSolution
		HideSolutionNode = FALSE
	EndGlobalSection
	GlobalSection(ExtensibilityGlobals) = postSolution
		SolutionGuid = {191692C8-A720-4240-B545-749DB35879F2}
	EndGlobalSection
EndGlobal
